{
  "requires": true,
  "lockfileVersion": 1,
  "dependencies": {
    "@upgradle/dygytallib": {
      "version": "1.0.2",
      "resolved": "https://registry.npmjs.org/@upgradle/dygytallib/-/dygytallib-1.0.2.tgz",
      "integrity": "sha512-dQsnzGBls6UY8XP9rIPpxpdrwPksTZ7h52UqtAzr7h8UevQzw3i1pe/js1eyn2wiueZdoWVdMNYqNOjcX4W0sg=="
    }
  }
}
